
Microsoft Visual Studio Solution File, Format Version 12.00
# Visual Studio Version 16
VisualStudioVersion = 16.0.31624.102
MinimumVisualStudioVersion = 10.0.40219.1
Project("{FAE04EC0-301F-11D3-BF4B-00C04F79EFBC}") = "XamarinTraining.Droid", "XamarinTraining.Droid\XamarinTraining.Droid.csproj", "{9069B813-CF4A-4957-96BF-524B367807FD}"
EndProject
Project("{FAE04EC0-301F-11D3-BF4B-00C04F79EFBC}") = "XamarinTraining.iOS", "XamarinTraining.iOS\XamarinTraining.iOS.csproj", "{DD0D6966-9799-40B0-AADF-800A3596C5B0}"
EndProject
Project("{9A19103F-16F7-4668-BE54-9A1E7A4F7556}") = "XamarinTraining.Core", "XamarinTraining.Core\XamarinTraining.Core.csproj", "{C9673F5E-C706-4975-B670-F9376AA77086}"
EndProject
Global
	GlobalSection(SolutionConfigurationPlatforms) = preSolution
		Debug|Any CPU = Debug|Any CPU
		Debug|ARM = Debug|ARM
		Debug|ARM64 = Debug|ARM64
		Debug|iPhone = Debug|iPhone
		Debug|iPhoneSimulator = Debug|iPhoneSimulator
		Debug|x64 = Debug|x64
		Debug|x86 = Debug|x86
		Release|Any CPU = Release|Any CPU
		Release|ARM = Release|ARM
		Release|ARM64 = Release|ARM64
		Release|iPhone = Release|iPhone
		Release|iPhoneSimulator = Release|iPhoneSimulator
		Release|x64 = Release|x64
		Release|x86 = Release|x86
	EndGlobalSection
	GlobalSection(ProjectConfigurationPlatforms) = postSolution
		{9069B813-CF4A-4957-96BF-524B367807FD}.Debug|Any CPU.ActiveCfg = Debug|Any CPU
		{9069B813-CF4A-4957-96BF-524B367807FD}.Debug|Any CPU.Build.0 = Debug|Any CPU
		{9069B813-CF4A-4957-96BF-524B367807FD}.Debug|Any CPU.Deploy.0 = Debug|Any CPU
		{9069B813-CF4A-4957-96BF-524B367807FD}.Debug|ARM.ActiveCfg = Debug|Any CPU
		{9069B813-CF4A-4957-96BF-524B367807FD}.Debug|ARM.Build.0 = Debug|Any CPU
		{9069B813-CF4A-4957-96BF-524B367807FD}.Debug|ARM.Deploy.0 = Debug|Any CPU
		{9069B813-CF4A-4957-96BF-524B367807FD}.Debug|ARM64.ActiveCfg = Debug|Any CPU
		{9069B813-CF4A-4957-96BF-524B367807FD}.Debug|ARM64.Build.0 = Debug|Any CPU
		{9069B813-CF4A-4957-96BF-524B367807FD}.Debug|ARM64.Deploy.0 = Debug|Any CPU
		{9069B813-CF4A-4957-96BF-524B367807FD}.Debug|iPhone.ActiveCfg = Debug|Any CPU
		{9069B813-CF4A-4957-96BF-524B367807FD}.Debug|iPhone.Build.0 = Debug|Any CPU
		{9069B813-CF4A-4957-96BF-524B367807FD}.Debug|iPhone.Deploy.0 = Debug|Any CPU
		{9069B813-CF4A-4957-96BF-524B367807FD}.Debug|iPhoneSimulator.ActiveCfg = Debug|Any CPU
		{9069B813-CF4A-4957-96BF-524B367807FD}.Debug|iPhoneSimulator.Build.0 = Debug|Any CPU
		{9069B813-CF4A-4957-96BF-524B367807FD}.Debug|iPhoneSimulator.Deploy.0 = Debug|Any CPU
		{9069B813-CF4A-4957-96BF-524B367807FD}.Debug|x64.ActiveCfg = Debug|Any CPU
		{9069B813-CF4A-4957-96BF-524B367807FD}.Debug|x64.Build.0 = Debug|Any CPU
		{9069B813-CF4A-4957-96BF-524B367807FD}.Debug|x64.Deploy.0 = Debug|Any CPU
		{9069B813-CF4A-4957-96BF-524B367807FD}.Debug|x86.ActiveCfg = Debug|Any CPU
		{9069B813-CF4A-4957-96BF-524B367807FD}.Debug|x86.Build.0 = Debug|Any CPU
		{9069B813-CF4A-4957-96BF-524B367807FD}.Debug|x86.Deploy.0 = Debug|Any CPU
		{9069B813-CF4A-4957-96BF-524B367807FD}.Release|Any CPU.ActiveCfg = Release|Any CPU
		{9069B813-CF4A-4957-96BF-524B367807FD}.Release|Any CPU.Build.0 = Release|Any CPU
		{9069B813-CF4A-4957-96BF-524B367807FD}.Release|Any CPU.Deploy.0 = Release|Any CPU
		{9069B813-CF4A-4957-96BF-524B367807FD}.Release|ARM.ActiveCfg = Release|Any CPU
		{9069B813-CF4A-4957-96BF-524B367807FD}.Release|ARM.Build.0 = Release|Any CPU
		{9069B813-CF4A-4957-96BF-524B367807FD}.Release|ARM.Deploy.0 = Release|Any CPU
		{9069B813-CF4A-4957-96BF-524B367807FD}.Release|ARM64.ActiveCfg = Release|Any CPU
		{9069B813-CF4A-4957-96BF-524B367807FD}.Release|ARM64.Build.0 = Release|Any CPU
		{9069B813-CF4A-4957-96BF-524B367807FD}.Release|ARM64.Deploy.0 = Release|Any CPU
		{9069B813-CF4A-4957-96BF-524B367807FD}.Release|iPhone.ActiveCfg = Release|Any CPU
		{9069B813-CF4A-4957-96BF-524B367807FD}.Release|iPhone.Build.0 = Release|Any CPU
		{9069B813-CF4A-4957-96BF-524B367807FD}.Release|iPhone.Deploy.0 = Release|Any CPU
		{9069B813-CF4A-4957-96BF-524B367807FD}.Release|iPhoneSimulator.ActiveCfg = Release|Any CPU
		{9069B813-CF4A-4957-96BF-524B367807FD}.Release|iPhoneSimulator.Build.0 = Release|Any CPU
		{9069B813-CF4A-4957-96BF-524B367807FD}.Release|iPhoneSimulator.Deploy.0 = Release|Any CPU
		{9069B813-CF4A-4957-96BF-524B367807FD}.Release|x64.ActiveCfg = Release|Any CPU
		{9069B813-CF4A-4957-96BF-524B367807FD}.Release|x64.Build.0 = Release|Any CPU
		{9069B813-CF4A-4957-96BF-524B367807FD}.Release|x64.Deploy.0 = Release|Any CPU
		{9069B813-CF4A-4957-96BF-524B367807FD}.Release|x86.ActiveCfg = Release|Any CPU
		{9069B813-CF4A-4957-96BF-524B367807FD}.Release|x86.Build.0 = Release|Any CPU
		{9069B813-CF4A-4957-96BF-524B367807FD}.Release|x86.Deploy.0 = Release|Any CPU
		{DD0D6966-9799-40B0-AADF-800A3596C5B0}.Debug|Any CPU.ActiveCfg = Debug|iPhoneSimulator
		{DD0D6966-9799-40B0-AADF-800A3596C5B0}.Debug|ARM.ActiveCfg = Debug|iPhone
		{DD0D6966-9799-40B0-AADF-800A3596C5B0}.Debug|ARM64.ActiveCfg = Debug|iPhone
		{DD0D6966-9799-40B0-AADF-800A3596C5B0}.Debug|iPhone.ActiveCfg = Debug|iPhone
		{DD0D6966-9799-40B0-AADF-800A3596C5B0}.Debug|iPhone.Build.0 = Debug|iPhone
		{DD0D6966-9799-40B0-AADF-800A3596C5B0}.Debug|iPhoneSimulator.ActiveCfg = Debug|iPhoneSimulator
		{DD0D6966-9799-40B0-AADF-800A3596C5B0}.Debug|iPhoneSimulator.Build.0 = Debug|iPhoneSimulator
		{DD0D6966-9799-40B0-AADF-800A3596C5B0}.Debug|x64.ActiveCfg = Debug|iPhone
		{DD0D6966-9799-40B0-AADF-800A3596C5B0}.Debug|x86.ActiveCfg = Debug|iPhone
		{DD0D6966-9799-40B0-AADF-800A3596C5B0}.Release|Any CPU.ActiveCfg = Release|iPhoneSimulator
		{DD0D6966-9799-40B0-AADF-800A3596C5B0}.Release|ARM.ActiveCfg = Release|iPhone
		{DD0D6966-9799-40B0-AADF-800A3596C5B0}.Release|ARM64.ActiveCfg = Release|iPhone
		{DD0D6966-9799-40B0-AADF-800A3596C5B0}.Release|iPhone.ActiveCfg = Release|iPhone
		{DD0D6966-9799-40B0-AADF-800A3596C5B0}.Release|iPhone.Build.0 = Release|iPhone
		{DD0D6966-9799-40B0-AADF-800A3596C5B0}.Release|iPhoneSimulator.ActiveCfg = Release|iPhoneSimulator
		{DD0D6966-9799-40B0-AADF-800A3596C5B0}.Release|iPhoneSimulator.Build.0 = Release|iPhoneSimulator
		{DD0D6966-9799-40B0-AADF-800A3596C5B0}.Release|x64.ActiveCfg = Release|iPhone
		{DD0D6966-9799-40B0-AADF-800A3596C5B0}.Release|x86.ActiveCfg = Release|iPhone
		{C9673F5E-C706-4975-B670-F9376AA77086}.Debug|Any CPU.ActiveCfg = Debug|Any CPU
		{C9673F5E-C706-4975-B670-F9376AA77086}.Debug|Any CPU.Build.0 = Debug|Any CPU
		{C9673F5E-C706-4975-B670-F9376AA77086}.Debug|ARM.ActiveCfg = Debug|Any CPU
		{C9673F5E-C706-4975-B670-F9376AA77086}.Debug|ARM.Build.0 = Debug|Any CPU
		{C9673F5E-C706-4975-B670-F9376AA77086}.Debug|ARM64.ActiveCfg = Debug|Any CPU
		{C9673F5E-C706-4975-B670-F9376AA77086}.Debug|ARM64.Build.0 = Debug|Any CPU
		{C9673F5E-C706-4975-B670-F9376AA77086}.Debug|iPhone.ActiveCfg = Debug|Any CPU
		{C9673F5E-C706-4975-B670-F9376AA77086}.Debug|iPhone.Build.0 = Debug|Any CPU
		{C9673F5E-C706-4975-B670-F9376AA77086}.Debug|iPhoneSimulator.ActiveCfg = Debug|Any CPU
		{C9673F5E-C706-4975-B670-F9376AA77086}.Debug|iPhoneSimulator.Build.0 = Debug|Any CPU
		{C9673F5E-C706-4975-B670-F9376AA77086}.Debug|x64.ActiveCfg = Debug|Any CPU
		{C9673F5E-C706-4975-B670-F9376AA77086}.Debug|x64.Build.0 = Debug|Any CPU
		{C9673F5E-C706-4975-B670-F9376AA77086}.Debug|x86.ActiveCfg = Debug|Any CPU
		{C9673F5E-C706-4975-B670-F9376AA77086}.Debug|x86.Build.0 = Debug|Any CPU
		{C9673F5E-C706-4975-B670-F9376AA77086}.Release|Any CPU.ActiveCfg = Release|Any CPU
		{C9673F5E-C706-4975-B670-F9376AA77086}.Release|Any CPU.Build.0 = Release|Any CPU
		{C9673F5E-C706-4975-B670-F9376AA77086}.Release|ARM.ActiveCfg = Release|Any CPU
		{C9673F5E-C706-4975-B670-F9376AA77086}.Release|ARM.Build.0 = Release|Any CPU
		{C9673F5E-C706-4975-B670-F9376AA77086}.Release|ARM64.ActiveCfg = Release|Any CPU
		{C9673F5E-C706-4975-B670-F9376AA77086}.Release|ARM64.Build.0 = Release|Any CPU
		{C9673F5E-C706-4975-B670-F9376AA77086}.Release|iPhone.ActiveCfg = Release|Any CPU
		{C9673F5E-C706-4975-B670-F9376AA77086}.Release|iPhone.Build.0 = Release|Any CPU
		{C9673F5E-C706-4975-B670-F9376AA77086}.Release|iPhoneSimulator.ActiveCfg = Release|Any CPU
		{C9673F5E-C706-4975-B670-F9376AA77086}.Release|iPhoneSimulator.Build.0 = Release|Any CPU
		{C9673F5E-C706-4975-B670-F9376AA77086}.Release|x64.ActiveCfg = Release|Any CPU
		{C9673F5E-C706-4975-B670-F9376AA77086}.Release|x64.Build.0 = Release|Any CPU
		{C9673F5E-C706-4975-B670-F9376AA77086}.Release|x86.ActiveCfg = Release|Any CPU
		{C9673F5E-C706-4975-B670-F9376AA77086}.Release|x86.Build.0 = Release|Any CPU
	EndGlobalSection
	GlobalSection(SolutionProperties) = preSolution
		HideSolutionNode = FALSE
	EndGlobalSection
	GlobalSection(ExtensibilityGlobals) = postSolution
		SolutionGuid = {C86F24D9-ADB1-47C6-8D93-A6F91AB1AADD}
	EndGlobalSection
EndGlobal
